
Microsoft Visual Studio Solution File, Format Version 12.00
# Visual Studio Version 17
VisualStudioVersion = 17.10.35013.160
MinimumVisualStudioVersion = 10.0.40219.1
Project("{9A19103F-16F7-4668-BE54-9A1E7A4F7556}") = "VaraHuffman", "VaraHuffman.csproj", "{51EDEB96-B080-4F66-8A04-61D222EDB439}"
EndProject
Global
	GlobalSection(SolutionConfigurationPlatforms) = preSolution
		Debug|Any CPU = Debug|Any CPU
		Release|Any CPU = Release|Any CPU
	EndGlobalSection
	GlobalSection(ProjectConfigurationPlatforms) = postSolution
		{51EDEB96-B080-4F66-8A04-61D222EDB439}.Debug|Any CPU.ActiveCfg = Debug|Any CPU
		{51EDEB96-B080-4F66-8A04-61D222EDB439}.Debug|Any CPU.Build.0 = Debug|Any CPU
		{51EDEB96-B080-4F66-8A04-61D222EDB439}.Release|Any CPU.ActiveCfg = Release|Any CPU
		{51EDEB96-B080-4F66-8A04-61D222EDB439}.Release|Any CPU.Build.0 = Release|Any CPU
	EndGlobalSection
	GlobalSection(SolutionProperties) = preSolution
		HideSolutionNode = FALSE
	EndGlobalSection
	GlobalSection(ExtensibilityGlobals) = postSolution
		SolutionGuid = {14CBE27E-AE22-44CE-AC09-C874DB220EB3}
	EndGlobalSection
EndGlobal
